// !$*UTF8*$!
{
	archiveVersion = 1;
	classes = {
	};
	objectVersion = 46;
	objects = {

/* Begin PBXBuildFile section */
		7D17D78F1EC3EE9D00DDAF19 /* TestTableViewCell.m in Sources */ = {isa = PBXBuildFile; fileRef = 7D17D78D1EC3EE9D00DDAF19 /* TestTableViewCell.m */; };
		7D17D7901EC3EE9D00DDAF19 /* TestTableViewCell.xib in Resources */ = {isa = PBXBuildFile; fileRef = 7D17D78E1EC3EE9D00DDAF19 /* TestTableViewCell.xib */; };
		7D5AE21F1EC05B24004D1755 /* main.m in Sources */ = {isa = PBXBuildFile; fileRef = 7D5AE21E1EC05B24004D1755 /* main.m */; };
		7D5AE2221EC05B24004D1755 /* AppDelegate.m in Sources */ = {isa = PBXBuildFile; fileRef = 7D5AE2211EC05B24004D1755 /* AppDelegate.m */; };
		7D5AE2251EC05B24004D1755 /* ViewController.m in Sources */ = {isa = PBXBuildFile; fileRef = 7D5AE2241EC05B24004D1755 /* ViewController.m */; };
		7D5AE2281EC05B24004D1755 /* Main.storyboard in Resources */ = {isa = PBXBuildFile; fileRef = 7D5AE2261EC05B24004D1755 /* Main.storyboard */; };
		7D5AE22A1EC05B25004D1755 /* Assets.xcassets in Resources */ = {isa = PBXBuildFile; fileRef = 7D5AE2291EC05B25004D1755 /* Assets.xcassets */; };
		7D5AE22D1EC05B25004D1755 /* LaunchScreen.storyboard in Resources */ = {isa = PBXBuildFile; fileRef = 7D5AE22B1EC05B25004D1755 /* LaunchScreen.storyboard */; };
		7D5AE2381EC05B25004D1755 /* Warmind_PrototypeTests.m in Sources */ = {isa = PBXBuildFile; fileRef = 7D5AE2371EC05B25004D1755 /* Warmind_PrototypeTests.m */; };
		7D5AE2431EC05B25004D1755 /* Warmind_PrototypeUITests.m in Sources */ = {isa = PBXBuildFile; fileRef = 7D5AE2421EC05B25004D1755 /* Warmind_PrototypeUITests.m */; };
/* End PBXBuildFile section */

/* Begin PBXContainerItemProxy section */
		7D5AE2341EC05B25004D1755 /* PBXContainerItemProxy */ = {
			isa = PBXContainerItemProxy;
			containerPortal = 7D5AE2121EC05B24004D1755 /* Project object */;
			proxyType = 1;
			remoteGlobalIDString = 7D5AE2191EC05B24004D1755;
			remoteInfo = "Warmind-Prototype";
		};
		7D5AE23F1EC05B25004D1755 /* PBXContainerItemProxy */ = {
			isa = PBXContainerItemProxy;
			containerPortal = 7D5AE2121EC05B24004D1755 /* Project object */;
			proxyType = 1;
			remoteGlobalIDString = 7D5AE2191EC05B24004D1755;
			remoteInfo = "Warmind-Prototype";
		};
/* End PBXContainerItemProxy section */

/* Begin PBXFileReference section */
		7D17D78C1EC3EE9D00DDAF19 /* TestTableViewCell.h */ = {isa = PBXFileReference; fileEncoding = 4; lastKnownFileType = sourcecode.c.h; path = TestTableViewCell.h; sourceTree = "<group>"; };
		7D17D78D1EC3EE9D00DDAF19 /* TestTableViewCell.m */ = {isa = PBXFileReference; fileEncoding = 4; lastKnownFileType = sourcecode.c.objc; path = TestTableViewCell.m; sourceTree = "<group>"; };
		7D17D78E1EC3EE9D00DDAF19 /* TestTableViewCell.xib */ = {isa = PBXFileReference; fileEncoding = 4; lastKnownFileType = file.xib; path = TestTableViewCell.xib; sourceTree = "<group>"; };
		7D5AE21A1EC05B24004D1755 /* Warmind-Prototype.app */ = {isa = PBXFileReference; explicitFileType = wrapper.application; includeInIndex = 0; path = "Warmind-Prototype.app"; sourceTree = BUILT_PRODUCTS_DIR; };
		7D5AE21E1EC05B24004D1755 /* main.m */ = {isa = PBXFileReference; lastKnownFileType = sourcecode.c.objc; path = main.m; sourceTree = "<group>"; };
		7D5AE2201EC05B24004D1755 /* AppDelegate.h */ = {isa = PBXFileReference; lastKnownFileType = sourcecode.c.h; path = AppDelegate.h; sourceTree = "<group>"; };
		7D5AE2211EC05B24004D1755 /* AppDelegate.m */ = {isa = PBXFileReference; lastKnownFileType = sourcecode.c.objc; path = AppDelegate.m; sourceTree = "<group>"; };
		7D5AE2231EC05B24004D1755 /* ViewController.h */ = {isa = PBXFileReference; lastKnownFileType = sourcecode.c.h; path = ViewController.h; sourceTree = "<group>"; };
		7D5AE2241EC05B24004D1755 /* ViewController.m */ = {isa = PBXFileReference; lastKnownFileType = sourcecode.c.objc; path = ViewController.m; sourceTree = "<group>"; };
		7D5AE2271EC05B24004D1755 /* Base */ = {isa = PBXFileReference; lastKnownFileType = file.storyboard; name = Base; path = Base.lproj/Main.storyboard; sourceTree = "<group>"; };
		7D5AE2291EC05B25004D1755 /* Assets.xcassets */ = {isa = PBXFileReference; lastKnownFileType = folder.assetcatalog; path = Assets.xcassets; sourceTree = "<group>"; };
		7D5AE22C1EC05B25004D1755 /* Base */ = {isa = PBXFileReference; lastKnownFileType = file.storyboard; name = Base; path = Base.lproj/LaunchScreen.storyboard; sourceTree = "<group>"; };
		7D5AE22E1EC05B25004D1755 /* Info.plist */ = {isa = PBXFileReference; lastKnownFileType = text.plist.xml; path = Info.plist; sourceTree = "<group>"; };
		7D5AE2331EC05B25004D1755 /* Warmind-PrototypeTests.xctest */ = {isa = PBXFileReference; explicitFileType = wrapper.cfbundle; includeInIndex = 0; path = "Warmind-PrototypeTests.xctest"; sourceTree = BUILT_PRODUCTS_DIR; };
		7D5AE2371EC05B25004D1755 /* Warmind_PrototypeTests.m */ = {isa = PBXFileReference; lastKnownFileType = sourcecode.c.objc; path = Warmind_PrototypeTests.m; sourceTree = "<group>"; };
		7D5AE2391EC05B25004D1755 /* Info.plist */ = {isa = PBXFileReference; lastKnownFileType = text.plist.xml; path = Info.plist; sourceTree = "<group>"; };
		7D5AE23E1EC05B25004D1755 /* Warmind-PrototypeUITests.xctest */ = {isa = PBXFileReference; explicitFileType = wrapper.cfbundle; includeInIndex = 0; path = "Warmind-PrototypeUITests.xctest"; sourceTree = BUILT_PRODUCTS_DIR; };
		7D5AE2421EC05B25004D1755 /* Warmind_PrototypeUITests.m */ = {isa = PBXFileReference; lastKnownFileType = sourcecode.c.objc; path = Warmind_PrototypeUITests.m; sourceTree = "<group>"; };
		7D5AE2441EC05B25004D1755 /* Info.plist */ = {isa = PBXFileReference; lastKnownFileType = text.plist.xml; path = Info.plist; sourceTree = "<group>"; };
/* End PBXFileReference section */

/* Begin PBXFrameworksBuildPhase section */
		7D5AE2171EC05B24004D1755 /* Frameworks */ = {
			isa = PBXFrameworksBuildPhase;
			buildActionMask = 2147483647;
			files = (
			);
			runOnlyForDeploymentPostprocessing = 0;
		};
		7D5AE2301EC05B25004D1755 /* Frameworks */ = {
			isa = PBXFrameworksBuildPhase;
			buildActionMask = 2147483647;
			files = (
			);
			runOnlyForDeploymentPostprocessing = 0;
		};
		7D5AE23B1EC05B25004D1755 /* Frameworks */ = {
			isa = PBXFrameworksBuildPhase;
			buildActionMask = 2147483647;
			files = (
			);
			runOnlyForDeploymentPostprocessing = 0;
		};
/* End PBXFrameworksBuildPhase section */

/* Begin PBXGroup section */
		7D5AE2111EC05B24004D1755 = {
			isa = PBXGroup;
			children = (
				7D5AE21C1EC05B24004D1755 /* Warmind-Prototype */,
				7D5AE2361EC05B25004D1755 /* Warmind-PrototypeTests */,
				7D5AE2411EC05B25004D1755 /* Warmind-PrototypeUITests */,
				7D5AE21B1EC05B24004D1755 /* Products */,
			);
			sourceTree = "<group>";
		};
		7D5AE21B1EC05B24004D1755 /* Products */ = {
			isa = PBXGroup;
			children = (
				7D5AE21A1EC05B24004D1755 /* Warmind-Prototype.app */,
				7D5AE2331EC05B25004D1755 /* Warmind-PrototypeTests.xctest */,
				7D5AE23E1EC05B25004D1755 /* Warmind-PrototypeUITests.xctest */,
			);
			name = Products;
			sourceTree = "<group>";
		};
		7D5AE21C1EC05B24004D1755 /* Warmind-Prototype */ = {
			isa = PBXGroup;
			children = (
				7D5AE2201EC05B24004D1755 /* AppDelegate.h */,
				7D17D78C1EC3EE9D00DDAF19 /* TestTableViewCell.h */,
				7D17D78D1EC3EE9D00DDAF19 /* TestTableViewCell.m */,
				7D17D78E1EC3EE9D00DDAF19 /* TestTableViewCell.xib */,
				7D5AE2211EC05B24004D1755 /* AppDelegate.m */,
				7D5AE2231EC05B24004D1755 /* ViewController.h */,
				7D5AE2241EC05B24004D1755 /* ViewController.m */,
				7D5AE2261EC05B24004D1755 /* Main.storyboard */,
				7D5AE2291EC05B25004D1755 /* Assets.xcassets */,
				7D5AE22B1EC05B25004D1755 /* LaunchScreen.storyboard */,
				7D5AE22E1EC05B25004D1755 /* Info.plist */,
				7D5AE21D1EC05B24004D1755 /* Supporting Files */,
			);
			path = "Warmind-Prototype";
			sourceTree = "<group>";
		};
		7D5AE21D1EC05B24004D1755 /* Supporting Files */ = {
			isa = PBXGroup;
			children = (
				7D5AE21E1EC05B24004D1755 /* main.m */,
			);
			name = "Supporting Files";
			sourceTree = "<group>";
		};
		7D5AE2361EC05B25004D1755 /* Warmind-PrototypeTests */ = {
			isa = PBXGroup;
			children = (
				7D5AE2371EC05B25004D1755 /* Warmind_PrototypeTests.m */,
				7D5AE2391EC05B25004D1755 /* Info.plist */,
			);
			path = "Warmind-PrototypeTests";
			sourceTree = "<group>";
		};
		7D5AE2411EC05B25004D1755 /* Warmind-PrototypeUITests */ = {
			isa = PBXGroup;
			children = (
				7D5AE2421EC05B25004D1755 /* Warmind_PrototypeUITests.m */,
				7D5AE2441EC05B25004D1755 /* Info.plist */,
			);
			path = "Warmind-PrototypeUITests";
			sourceTree = "<group>";
		};
/* End PBXGroup section */

/* Begin PBXNativeTarget section */
		7D5AE2191EC05B24004D1755 /* Warmind-Prototype */ = {
			isa = PBXNativeTarget;
			buildConfigurationList = 7D5AE2471EC05B25004D1755 /* Build configuration list for PBXNativeTarget "Warmind-Prototype" */;
			buildPhases = (
				7D5AE2161EC05B24004D1755 /* Sources */,
				7D5AE2171EC05B24004D1755 /* Frameworks */,
				7D5AE2181EC05B24004D1755 /* Resources */,
			);
			buildRules = (
			);
			dependencies = (
			);
			name = "Warmind-Prototype";
			productName = "Warmind-Prototype";
			productReference = 7D5AE21A1EC05B24004D1755 /* Warmind-Prototype.app */;
			productType = "com.apple.product-type.application";
		};
		7D5AE2321EC05B25004D1755 /* Warmind-PrototypeTests */ = {
			isa = PBXNativeTarget;
			buildConfigurationList = 7D5AE24A1EC05B25004D1755 /* Build configuration list for PBXNativeTarget "Warmind-PrototypeTests" */;
			buildPhases = (
				7D5AE22F1EC05B25004D1755 /* Sources */,
				7D5AE2301EC05B25004D1755 /* Frameworks */,
				7D5AE2311EC05B25004D1755 /* Resources */,
			);
			buildRules = (
			);
			dependencies = (
				7D5AE2351EC05B25004D1755 /* PBXTargetDependency */,
			);
			name = "Warmind-PrototypeTests";
			productName = "Warmind-PrototypeTests";
			productReference = 7D5AE2331EC05B25004D1755 /* Warmind-PrototypeTests.xctest */;
			productType = "com.apple.product-type.bundle.unit-test";
		};
		7D5AE23D1EC05B25004D1755 /* Warmind-PrototypeUITests */ = {
			isa = PBXNativeTarget;
			buildConfigurationList = 7D5AE24D1EC05B25004D1755 /* Build configuration list for PBXNativeTarget "Warmind-PrototypeUITests" */;
			buildPhases = (
				7D5AE23A1EC05B25004D1755 /* Sources */,
				7D5AE23B1EC05B25004D1755 /* Frameworks */,
				7D5AE23C1EC05B25004D1755 /* Resources */,
			);
			buildRules = (
			);
			dependencies = (
				7D5AE2401EC05B25004D1755 /* PBXTargetDependency */,
			);
			name = "Warmind-PrototypeUITests";
			productName = "Warmind-PrototypeUITests";
			productReference = 7D5AE23E1EC05B25004D1755 /* Warmind-PrototypeUITests.xctest */;
			productType = "com.apple.product-type.bundle.ui-testing";
		};
/* End PBXNativeTarget section */

/* Begin PBXProject section */
		7D5AE2121EC05B24004D1755 /* Project object */ = {
			isa = PBXProject;
			attributes = {
				LastUpgradeCheck = 0830;
				ORGANIZATIONNAME = "Jamie Astley";
				TargetAttributes = {
					7D5AE2191EC05B24004D1755 = {
						CreatedOnToolsVersion = 8.3.2;
						ProvisioningStyle = Automatic;
					};
					7D5AE2321EC05B25004D1755 = {
						CreatedOnToolsVersion = 8.3.2;
						ProvisioningStyle = Automatic;
						TestTargetID = 7D5AE2191EC05B24004D1755;
					};
					7D5AE23D1EC05B25004D1755 = {
						CreatedOnToolsVersion = 8.3.2;
						ProvisioningStyle = Automatic;
						TestTargetID = 7D5AE2191EC05B24004D1755;
					};
				};
			};
			buildConfigurationList = 7D5AE2151EC05B24004D1755 /* Build configuration list for PBXProject "Warmind-Prototype" */;
			compatibilityVersion = "Xcode 3.2";
			developmentRegion = English;
			hasScannedForEncodings = 0;
			knownRegions = (
				en,
				Base,
			);
			mainGroup = 7D5AE2111EC05B24004D1755;
			productRefGroup = 7D5AE21B1EC05B24004D1755 /* Products */;
			projectDirPath = "";
			projectRoot = "";
			targets = (
				7D5AE2191EC05B24004D1755 /* Warmind-Prototype */,
				7D5AE2321EC05B25004D1755 /* Warmind-PrototypeTests */,
				7D5AE23D1EC05B25004D1755 /* Warmind-PrototypeUITests */,
			);
		};
/* End PBXProject section */

/* Begin PBXResourcesBuildPhase section */
		7D5AE2181EC05B24004D1755 /* Resources */ = {
			isa = PBXResourcesBuildPhase;
			buildActionMask = 2147483647;
			files = (
				7D5AE22D1EC05B25004D1755 /* LaunchScreen.storyboard in Resources */,
				7D17D7901EC3EE9D00DDAF19 /* TestTableViewCell.xib in Resources */,
				7D5AE22A1EC05B25004D1755 /* Assets.xcassets in Resources */,
				7D5AE2281EC05B24004D1755 /* Main.storyboard in Resources */,
			);
			runOnlyForDeploymentPostprocessing = 0;
		};
		7D5AE2311EC05B25004D1755 /* Resources */ = {
			isa = PBXResourcesBuildPhase;
			buildActionMask = 2147483647;
			files = (
			);
			runOnlyForDeploymentPostprocessing = 0;
		};
		7D5AE23C1EC05B25004D1755 /* Resources */ = {
			isa = PBXResourcesBuildPhase;
			buildActionMask = 2147483647;
			files = (
			);
			runOnlyForDeploymentPostprocessing = 0;
		};
/* End PBXResourcesBuildPhase section */

/* Begin PBXSourcesBuildPhase section */
		7D5AE2161EC05B24004D1755 /* Sources */ = {
			isa = PBXSourcesBuildPhase;
			buildActionMask = 2147483647;
			files = (
				7D5AE2251EC05B24004D1755 /* ViewController.m in Sources */,
				7D17D78F1EC3EE9D00DDAF19 /* TestTableViewCell.m in Sources */,
				7D5AE2221EC05B24004D1755 /* AppDelegate.m in Sources */,
				7D5AE21F1EC05B24004D1755 /* main.m in Sources */,
			);
			runOnlyForDeploymentPostprocessing = 0;
		};
		7D5AE22F1EC05B25004D1755 /* Sources */ = {
			isa = PBXSourcesBuildPhase;
			buildActionMask = 2147483647;
			files = (
				7D5AE2381EC05B25004D1755 /* Warmind_PrototypeTests.m in Sources */,
			);
			runOnlyForDeploymentPostprocessing = 0;
		};
		7D5AE23A1EC05B25004D1755 /* Sources */ = {
			isa = PBXSourcesBuildPhase;
			buildActionMask = 2147483647;
			files = (
				7D5AE2431EC05B25004D1755 /* Warmind_PrototypeUITests.m in Sources */,
			);
			runOnlyForDeploymentPostprocessing = 0;
		};
/* End PBXSourcesBuildPhase section */

/* Begin PBXTargetDependency section */
		7D5AE2351EC05B25004D1755 /* PBXTargetDependency */ = {
			isa = PBXTargetDependency;
			target = 7D5AE2191EC05B24004D1755 /* Warmind-Prototype */;
			targetProxy = 7D5AE2341EC05B25004D1755 /* PBXContainerItemProxy */;
		};
		7D5AE2401EC05B25004D1755 /* PBXTargetDependency */ = {
			isa = PBXTargetDependency;
			target = 7D5AE2191EC05B24004D1755 /* Warmind-Prototype */;
			targetProxy = 7D5AE23F1EC05B25004D1755 /* PBXContainerItemProxy */;
		};
/* End PBXTargetDependency section */

/* Begin PBXVariantGroup section */
		7D5AE2261EC05B24004D1755 /* Main.storyboard */ = {
			isa = PBXVariantGroup;
			children = (
				7D5AE2271EC05B24004D1755 /* Base */,
			);
			name = Main.storyboard;
			sourceTree = "<group>";
		};
		7D5AE22B1EC05B25004D1755 /* LaunchScreen.storyboard */ = {
			isa = PBXVariantGroup;
			children = (
				7D5AE22C1EC05B25004D1755 /* Base */,
			);
			name = LaunchScreen.storyboard;
			sourceTree = "<group>";
		};
/* End PBXVariantGroup section */

/* Begin XCBuildConfiguration section */
		7D5AE2451EC05B25004D1755 /* Debug */ = {
			isa = XCBuildConfiguration;
			buildSettings = {
				ALWAYS_SEARCH_USER_PATHS = NO;
				CLANG_ANALYZER_NONNULL = YES;
				CLANG_ANALYZER_NUMBER_OBJECT_CONVERSION = YES_AGGRESSIVE;
				CLANG_CXX_LANGUAGE_STANDARD = "gnu++0x";
				CLANG_CXX_LIBRARY = "libc++";
				CLANG_ENABLE_MODULES = YES;
				CLANG_ENABLE_OBJC_ARC = YES;
				CLANG_WARN_BOOL_CONVERSION = YES;
				CLANG_WARN_CONSTANT_CONVERSION = YES;
				CLANG_WARN_DIRECT_OBJC_ISA_USAGE = YES_ERROR;
				CLANG_WARN_DOCUMENTATION_COMMENTS = YES;
				CLANG_WARN_EMPTY_BODY = YES;
				CLANG_WARN_ENUM_CONVERSION = YES;
				CLANG_WARN_INFINITE_RECURSION = YES;
				CLANG_WARN_INT_CONVERSION = YES;
				CLANG_WARN_OBJC_ROOT_CLASS = YES_ERROR;
				CLANG_WARN_SUSPICIOUS_MOVE = YES;
				CLANG_WARN_UNREACHABLE_CODE = YES;
				CLANG_WARN__DUPLICATE_METHOD_MATCH = YES;
				"CODE_SIGN_IDENTITY[sdk=iphoneos*]" = "iPhone Developer";
				COPY_PHASE_STRIP = NO;
				DEBUG_INFORMATION_FORMAT = dwarf;
				ENABLE_STRICT_OBJC_MSGSEND = YES;
				ENABLE_TESTABILITY = YES;
				GCC_C_LANGUAGE_STANDARD = gnu99;
				GCC_DYNAMIC_NO_PIC = NO;
				GCC_NO_COMMON_BLOCKS = YES;
				GCC_OPTIMIZATION_LEVEL = 0;
				GCC_PREPROCESSOR_DEFINITIONS = (
					"DEBUG=1",
					"$(inherited)",
				);
				GCC_WARN_64_TO_32_BIT_CONVERSION = YES;
				GCC_WARN_ABOUT_RETURN_TYPE = YES_ERROR;
				GCC_WARN_UNDECLARED_SELECTOR = YES;
				GCC_WARN_UNINITIALIZED_AUTOS = YES_AGGRESSIVE;
				GCC_WARN_UNUSED_FUNCTION = YES;
				GCC_WARN_UNUSED_VARIABLE = YES;
				IPHONEOS_DEPLOYMENT_TARGET = 10.3;
				MTL_ENABLE_DEBUG_INFO = YES;
				ONLY_ACTIVE_ARCH = YES;
				SDKROOT = iphoneos;
				TARGETED_DEVICE_FAMILY = "1,2";
			};
			name = Debug;
		};
		7D5AE2461EC05B25004D1755 /* Release */ = {
			isa = XCBuildConfiguration;
			buildSettings = {
				ALWAYS_SEARCH_USER_PATHS = NO;
				CLANG_ANALYZER_NONNULL = YES;
				CLANG_ANALYZER_NUMBER_OBJECT_CONVERSION = YES_AGGRESSIVE;
				CLANG_CXX_LANGUAGE_STANDARD = "gnu++0x";
				CLANG_CXX_LIBRARY = "libc++";
				CLANG_ENABLE_MODULES = YES;
				CLANG_ENABLE_OBJC_ARC = YES;
				CLANG_WARN_BOOL_CONVERSION = YES;
				CLANG_WARN_CONSTANT_CONVERSION = YES;
				CLANG_WARN_DIRECT_OBJC_ISA_USAGE = YES_ERROR;
				CLANG_WARN_DOCUMENTATION_COMMENTS = YES;
				CLANG_WARN_EMPTY_BODY = YES;
				CLANG_WARN_ENUM_CONVERSION = YES;
				CLANG_WARN_INFINITE_RECURSION = YES;
				CLANG_WARN_INT_CONVERSION = YES;
				CLANG_WARN_OBJC_ROOT_CLASS = YES_ERROR;
				CLANG_WARN_SUSPICIOUS_MOVE = YES;
				CLANG_WARN_UNREACHABLE_CODE = YES;
				CLANG_WARN__DUPLICATE_METHOD_MATCH = YES;
				"CODE_SIGN_IDENTITY[sdk=iphoneos*]" = "iPhone Developer";
				COPY_PHASE_STRIP = NO;
				DEBUG_INFORMATION_FORMAT = "dwarf-with-dsym";
				ENABLE_NS_ASSERTIONS = NO;
				ENABLE_STRICT_OBJC_MSGSEND = YES;
				GCC_C_LANGUAGE_STANDARD = gnu99;
				GCC_NO_COMMON_BLOCKS = YES;
				GCC_WARN_64_TO_32_BIT_CONVERSION = YES;
				GCC_WARN_ABOUT_RETURN_TYPE = YES_ERROR;
				GCC_WARN_UNDECLARED_SELECTOR = YES;
				GCC_WARN_UNINITIALIZED_AUTOS = YES_AGGRESSIVE;
				GCC_WARN_UNUSED_FUNCTION = YES;
				GCC_WARN_UNUSED_VARIABLE = YES;
				IPHONEOS_DEPLOYMENT_TARGET = 10.3;
				MTL_ENABLE_DEBUG_INFO = NO;
				SDKROOT = iphoneos;
				TARGETED_DEVICE_FAMILY = "1,2";
				VALIDATE_PRODUCT = YES;
			};
			name = Release;
		};
		7D5AE2481EC05B25004D1755 /* Debug */ = {
			isa = XCBuildConfiguration;
			buildSettings = {
				ASSETCATALOG_COMPILER_APPICON_NAME = AppIcon;
				INFOPLIST_FILE = "Warmind-Prototype/Info.plist";
				LD_RUNPATH_SEARCH_PATHS = "$(inherited) @executable_path/Frameworks";
				PRODUCT_BUNDLE_IDENTIFIER = "jamie5535.Warmind-Prototype";
				PRODUCT_NAME = "$(TARGET_NAME)";
			};
			name = Debug;
		};
		7D5AE2491EC05B25004D1755 /* Release */ = {
			isa = XCBuildConfiguration;
			buildSettings = {
				ASSETCATALOG_COMPILER_APPICON_NAME = AppIcon;
				INFOPLIST_FILE = "Warmind-Prototype/Info.plist";
				LD_RUNPATH_SEARCH_PATHS = "$(inherited) @executable_path/Frameworks";
				PRODUCT_BUNDLE_IDENTIFIER = "jamie5535.Warmind-Prototype";
				PRODUCT_NAME = "$(TARGET_NAME)";
			};
			name = Release;
		};
		7D5AE24B1EC05B25004D1755 /* Debug */ = {
			isa = XCBuildConfiguration;
			buildSettings = {
				BUNDLE_LOADER = "$(TEST_HOST)";
				INFOPLIST_FILE = "Warmind-PrototypeTests/Info.plist";
				LD_RUNPATH_SEARCH_PATHS = "$(inherited) @executable_path/Frameworks @loader_path/Frameworks";
				PRODUCT_BUNDLE_IDENTIFIER = "jamie5535.Warmind-PrototypeTests";
				PRODUCT_NAME = "$(TARGET_NAME)";
				TEST_HOST = "$(BUILT_PRODUCTS_DIR)/Warmind-Prototype.app/Warmind-Prototype";
			};
			name = Debug;
		};
		7D5AE24C1EC05B25004D1755 /* Release */ = {
			isa = XCBuildConfiguration;
			buildSettings = {
				BUNDLE_LOADER = "$(TEST_HOST)";
				INFOPLIST_FILE = "Warmind-PrototypeTests/Info.plist";
				LD_RUNPATH_SEARCH_PATHS = "$(inherited) @executable_path/Frameworks @loader_path/Frameworks";
				PRODUCT_BUNDLE_IDENTIFIER = "jamie5535.Warmind-PrototypeTests";
				PRODUCT_NAME = "$(TARGET_NAME)";
				TEST_HOST = "$(BUILT_PRODUCTS_DIR)/Warmind-Prototype.app/Warmind-Prototype";
			};
			name = Release;
		};
		7D5AE24E1EC05B25004D1755 /* Debug */ = {
			isa = XCBuildConfiguration;
			buildSettings = {
				INFOPLIST_FILE = "Warmind-PrototypeUITests/Info.plist";
				LD_RUNPATH_SEARCH_PATHS = "$(inherited) @executable_path/Frameworks @loader_path/Frameworks";
				PRODUCT_BUNDLE_IDENTIFIER = "jamie5535.Warmind-PrototypeUITests";
				PRODUCT_NAME = "$(TARGET_NAME)";
				TEST_TARGET_NAME = "Warmind-Prototype";
			};
			name = Debug;
		};
		7D5AE24F1EC05B25004D1755 /* Release */ = {
			isa = XCBuildConfiguration;
			buildSettings = {
				INFOPLIST_FILE = "Warmind-PrototypeUITests/Info.plist";
				LD_RUNPATH_SEARCH_PATHS = "$(inherited) @executable_path/Frameworks @loader_path/Frameworks";
				PRODUCT_BUNDLE_IDENTIFIER = "jamie5535.Warmind-PrototypeUITests";
				PRODUCT_NAME = "$(TARGET_NAME)";
				TEST_TARGET_NAME = "Warmind-Prototype";
			};
			name = Release;
		};
/* End XCBuildConfiguration section */

/* Begin XCConfigurationList section */
		7D5AE2151EC05B24004D1755 /* Build configuration list for PBXProject "Warmind-Prototype" */ = {
			isa = XCConfigurationList;
			buildConfigurations = (
				7D5AE2451EC05B25004D1755 /* Debug */,
				7D5AE2461EC05B25004D1755 /* Release */,
			);
			defaultConfigurationIsVisible = 0;
			defaultConfigurationName = Release;
		};
		7D5AE2471EC05B25004D1755 /* Build configuration list for PBXNativeTarget "Warmind-Prototype" */ = {
			isa = XCConfigurationList;
			buildConfigurations = (
				7D5AE2481EC05B25004D1755 /* Debug */,
				7D5AE2491EC05B25004D1755 /* Release */,
			);
			defaultConfigurationIsVisible = 0;
			defaultConfigurationName = Release;
		};
		7D5AE24A1EC05B25004D1755 /* Build configuration list for PBXNativeTarget "Warmind-PrototypeTests" */ = {
			isa = XCConfigurationList;
			buildConfigurations = (
				7D5AE24B1EC05B25004D1755 /* Debug */,
				7D5AE24C1EC05B25004D1755 /* Release */,
			);
			defaultConfigurationIsVisible = 0;
			defaultConfigurationName = Release;
		};
		7D5AE24D1EC05B25004D1755 /* Build configuration list for PBXNativeTarget "Warmind-PrototypeUITests" */ = {
			isa = XCConfigurationList;
			buildConfigurations = (
				7D5AE24E1EC05B25004D1755 /* Debug */,
				7D5AE24F1EC05B25004D1755 /* Release */,
			);
			defaultConfigurationIsVisible = 0;
			defaultConfigurationName = Release;
		};
/* End XCConfigurationList section */
	};
	rootObject = 7D5AE2121EC05B24004D1755 /* Project object */;
}
